{
  "version": 4,
  "terraform_version": "0.12.26",
  "serial": 13,
  "lineage": "62c8c401-d7e4-0703-84a7-8aa7eb0d0de8",
  "outputs": {
    "temp": {
      "value": "snbqlxvbwqlekgp",
      "type": "string"
    }
  },
  "resources": [
    {
      "module": "module.names",
      "mode": "managed",
      "type": "random_integer",
      "name": "container_name2",
      "provider": "provider.random",
      "instances": [
        {
          "schema_version": 0,
          "attributes": {
            "id": "135",
            "keepers": null,
            "max": 256,
            "min": 0,
            "result": 135,
            "seed": null
          },
          "private": "bnVsbA=="
        }
      ]
    },
    {
      "module": "module.names",
      "mode": "managed",
      "type": "random_pet",
      "name": "container_name1",
      "provider": "provider.random",
      "instances": [
        {
          "schema_version": 0,
          "attributes": {
            "id": "partly-presumably-heartily-liberal-magpie",
            "keepers": null,
            "length": 5,
            "prefix": null,
            "separator": "-"
          },
          "private": "bnVsbA=="
        }
      ]
    },
    {
      "module": "module.names",
      "mode": "managed",
      "type": "random_string",
      "name": "container_name",
      "provider": "provider.random",
      "instances": [
        {
          "schema_version": 1,
          "attributes": {
            "id": "snbqlxvbwqlekgp",
            "keepers": null,
            "length": 15,
            "lower": true,
            "min_lower": 0,
            "min_numeric": 0,
            "min_special": 0,
            "min_upper": 0,
            "number": false,
            "override_special": null,
            "result": "snbqlxvbwqlekgp",
            "special": false,
            "upper": false
          },
          "private": "eyJzY2hlbWFfdmVyc2lvbiI6IjEifQ=="
        }
      ]
    },
    {
      "mode": "managed",
      "type": "random_string",
      "name": "temp",
      "provider": "provider.random",
      "instances": [
        {
          "schema_version": 1,
          "attributes": {
            "id": "dDjB#",
            "keepers": null,
            "length": 5,
            "lower": true,
            "min_lower": 0,
            "min_numeric": 0,
            "min_special": 0,
            "min_upper": 0,
            "number": true,
            "override_special": null,
            "result": "dDjB#",
            "special": true,
            "upper": true
          },
          "private": "eyJzY2hlbWFfdmVyc2lvbiI6IjEifQ=="
        }
      ]
    },
    {
      "module": "module.names",
      "mode": "managed",
      "type": "random_uuid",
      "name": "container_name3",
      "each": "list",
      "provider": "provider.random",
      "instances": [
        {
          "index_key": 0,
          "schema_version": 0,
          "attributes": {
            "id": "ccb9f549-08f8-1849-53c9-1c90bf070551",
            "keepers": null,
            "result": "ccb9f549-08f8-1849-53c9-1c90bf070551"
          },
          "private": "bnVsbA=="
        },
        {
          "index_key": 1,
          "schema_version": 0,
          "attributes": {
            "id": "a623321a-f8fe-ea4b-2519-988b6671da3e",
            "keepers": null,
            "result": "a623321a-f8fe-ea4b-2519-988b6671da3e"
          },
          "private": "bnVsbA=="
        },
        {
          "index_key": 2,
          "schema_version": 0,
          "attributes": {
            "id": "2c57cf7e-5697-0936-5636-db93c113120f",
            "keepers": null,
            "result": "2c57cf7e-5697-0936-5636-db93c113120f"
          },
          "private": "bnVsbA=="
        },
        {
          "index_key": 3,
          "schema_version": 0,
          "attributes": {
            "id": "f030e9fd-2485-077a-194e-4924d3adcdc3",
            "keepers": null,
            "result": "f030e9fd-2485-077a-194e-4924d3adcdc3"
          },
          "private": "bnVsbA=="
        },
        {
          "index_key": 4,
          "schema_version": 0,
          "attributes": {
            "id": "d607a5d2-c37d-78c9-0fa0-114c452c279e",
            "keepers": null,
            "result": "d607a5d2-c37d-78c9-0fa0-114c452c279e"
          },
          "private": "bnVsbA=="
        }
      ]
    },
    {
      "mode": "managed",
      "type": "random_uuid",
      "name": "custom",
      "each": "list",
      "provider": "provider.random",
      "instances": [
        {
          "index_key": 0,
          "schema_version": 0,
          "attributes": {
            "id": "63217349-2fc4-6d52-e463-9d8e2a664385",
            "keepers": null,
            "result": "63217349-2fc4-6d52-e463-9d8e2a664385"
          },
          "private": "bnVsbA=="
        }
      ]
    }
  ]
}
