{
  "version": 4,
  "terraform_version": "0.12.26",
  "serial": 8,
  "lineage": "13062ac1-8e6d-4b20-bd4e-2dd88cee55d8",
  "outputs": {
    "temp": {
      "value": "iesydkqkfgemvik",
      "type": "string"
    }
  },
  "resources": [
    {
      "module": "module.names",
      "mode": "managed",
      "type": "random_integer",
      "name": "container_name2",
      "provider": "provider.random",
      "instances": [
        {
          "schema_version": 0,
          "attributes": {
            "id": "251",
            "keepers": null,
            "max": 256,
            "min": 0,
            "result": 251,
            "seed": null
          },
          "private": "bnVsbA=="
        }
      ]
    },
    {
      "module": "module.names",
      "mode": "managed",
      "type": "random_pet",
      "name": "container_name1",
      "provider": "provider.random",
      "instances": [
        {
          "schema_version": 0,
          "attributes": {
            "id": "conversely-genuinely-slightly-super-fly",
            "keepers": null,
            "length": 5,
            "prefix": null,
            "separator": "-"
          },
          "private": "bnVsbA=="
        }
      ]
    },
    {
      "module": "module.names",
      "mode": "managed",
      "type": "random_string",
      "name": "container_name",
      "provider": "provider.random",
      "instances": [
        {
          "schema_version": 1,
          "attributes": {
            "id": "iesydkqkfgemvik",
            "keepers": null,
            "length": 15,
            "lower": true,
            "min_lower": 0,
            "min_numeric": 0,
            "min_special": 0,
            "min_upper": 0,
            "number": false,
            "override_special": null,
            "result": "iesydkqkfgemvik",
            "special": false,
            "upper": false
          },
          "private": "eyJzY2hlbWFfdmVyc2lvbiI6IjEifQ=="
        }
      ]
    },
    {
      "mode": "managed",
      "type": "random_string",
      "name": "temp",
      "provider": "provider.random",
      "instances": [
        {
          "schema_version": 1,
          "attributes": {
            "id": "bC\u003e-q",
            "keepers": null,
            "length": 5,
            "lower": true,
            "min_lower": 0,
            "min_numeric": 0,
            "min_special": 0,
            "min_upper": 0,
            "number": true,
            "override_special": null,
            "result": "bC\u003e-q",
            "special": true,
            "upper": true
          },
          "private": "eyJzY2hlbWFfdmVyc2lvbiI6IjEifQ=="
        }
      ]
    },
    {
      "module": "module.names",
      "mode": "managed",
      "type": "random_uuid",
      "name": "container_name3",
      "each": "list",
      "provider": "provider.random",
      "instances": [
        {
          "index_key": 0,
          "schema_version": 0,
          "attributes": {
            "id": "795f1f8d-5cfa-582f-7f70-ca64de86bc6f",
            "keepers": null,
            "result": "795f1f8d-5cfa-582f-7f70-ca64de86bc6f"
          },
          "private": "bnVsbA=="
        },
        {
          "index_key": 1,
          "schema_version": 0,
          "attributes": {
            "id": "b6afdaaa-b1d4-42fa-6279-504a02127038",
            "keepers": null,
            "result": "b6afdaaa-b1d4-42fa-6279-504a02127038"
          },
          "private": "bnVsbA=="
        }
      ]
    },
    {
      "mode": "managed",
      "type": "random_uuid",
      "name": "custom",
      "each": "list",
      "provider": "provider.random",
      "instances": []
    }
  ]
}
