{
  "version": 4,
  "terraform_version": "0.12.26",
  "serial": 56,
  "lineage": "617698ad-da6c-9fcc-19b1-fdd371b36e06",
  "outputs": {
    "temp": {
      "value": "zlbuujyzyyqggpi",
      "type": "string"
    }
  },
  "resources": [
    {
      "module": "module.names",
      "mode": "managed",
      "type": "random_integer",
      "name": "container_name2",
      "provider": "provider.random",
      "instances": [
        {
          "schema_version": 0,
          "attributes": {
            "id": "36",
            "keepers": null,
            "max": 256,
            "min": 0,
            "result": 36,
            "seed": null
          },
          "private": "bnVsbA=="
        }
      ]
    },
    {
      "module": "module.names",
      "mode": "managed",
      "type": "random_pet",
      "name": "container_name1",
      "provider": "provider.random",
      "instances": [
        {
          "schema_version": 0,
          "attributes": {
            "id": "secondly-smoothly-infinitely-dynamic-hyena",
            "keepers": null,
            "length": 5,
            "prefix": null,
            "separator": "-"
          },
          "private": "bnVsbA=="
        }
      ]
    },
    {
      "module": "module.names",
      "mode": "managed",
      "type": "random_string",
      "name": "container_name",
      "provider": "provider.random",
      "instances": [
        {
          "schema_version": 1,
          "attributes": {
            "id": "zlbuujyzyyqggpi",
            "keepers": null,
            "length": 15,
            "lower": true,
            "min_lower": 0,
            "min_numeric": 0,
            "min_special": 0,
            "min_upper": 0,
            "number": false,
            "override_special": null,
            "result": "zlbuujyzyyqggpi",
            "special": false,
            "upper": false
          },
          "private": "eyJzY2hlbWFfdmVyc2lvbiI6IjEifQ=="
        }
      ]
    },
    {
      "mode": "managed",
      "type": "random_string",
      "name": "temp",
      "provider": "provider.random",
      "instances": [
        {
          "schema_version": 1,
          "attributes": {
            "id": "xD=+H",
            "keepers": null,
            "length": 5,
            "lower": true,
            "min_lower": 0,
            "min_numeric": 0,
            "min_special": 0,
            "min_upper": 0,
            "number": true,
            "override_special": null,
            "result": "xD=+H",
            "special": true,
            "upper": true
          },
          "private": "eyJzY2hlbWFfdmVyc2lvbiI6IjEifQ=="
        }
      ]
    },
    {
      "module": "module.names",
      "mode": "managed",
      "type": "random_uuid",
      "name": "container_name3",
      "each": "list",
      "provider": "provider.random",
      "instances": [
        {
          "index_key": 0,
          "schema_version": 0,
          "attributes": {
            "id": "7956621b-805a-dc5c-570c-9bf29b9618b2",
            "keepers": null,
            "result": "7956621b-805a-dc5c-570c-9bf29b9618b2"
          },
          "private": "bnVsbA=="
        },
        {
          "index_key": 1,
          "schema_version": 0,
          "attributes": {
            "id": "cfea330b-215f-f529-4989-4d14e70bfd53",
            "keepers": null,
            "result": "cfea330b-215f-f529-4989-4d14e70bfd53"
          },
          "private": "bnVsbA=="
        }
      ]
    }
  ]
}
